{
  "name": "agent-skills-runtime-smoke-toolchain",
  "version": "1.0.0",
  "lockfileVersion": 3,
  "requires": true,
  "packages": {
    "": {
      "name": "agent-skills-runtime-smoke-toolchain",
      "version": "1.0.0",
      "dependencies": {
        "@anthropic-ai/claude-code": "2.1.258",
        "@google/gemini-cli": "0.58.0",
        "@openai/codex": "0.152.1"
      }
    },
    "node_modules/@anthropic-ai/claude-code": {
      "version": "2.1.258",
      "resolved": "https://registry.npmjs.org/@anthropic-ai/claude-code/-/claude-code-2.1.258.tgz",
      "integrity": "sha512-Zis1AYrHuCcK4V1tXJUkzJdklFsTvvqIcj7gk4K8lyEeJOW99ZoQH/E+WxugMqDEO7xncYZ41gydxlkSTmj/2Q==",
      "hasInstallScript": true,
      "license": "SEE LICENSE IN README.md",
      "bin": {
        "claude": "bin/claude.exe"
      },
      "engines": {
        "node": ">=22.0.0"
      },
      "optionalDependencies": {
        "@anthropic-ai/claude-code-darwin-arm64": "2.1.258",
        "@anthropic-ai/claude-code-darwin-x64": "2.1.258",
        "@anthropic-ai/claude-code-linux-arm64": "2.1.258",
        "@anthropic-ai/claude-code-linux-arm64-musl": "2.1.258",
        "@anthropic-ai/claude-code-linux-x64": "2.1.258",
        "@anthropic-ai/claude-code-linux-x64-musl": "2.1.258",
        "@anthropic-ai/claude-code-win32-arm64": "2.1.258",
        "@anthropic-ai/claude-code-win32-x64": "2.1.258"
      }
    },
    "node_modules/@anthropic-ai/claude-code-darwin-arm64": {
      "version": "2.1.258",
      "resolved": "https://registry.npmjs.org/@anthropic-ai/claude-code-darwin-arm64/-/claude-code-darwin-arm64-2.1.258.tgz",
      "integrity": "sha512-9gYzEZjYLY/3N49jkgk9BeXPGDQNCE/6pO3/tFHJP054YnXCvKcyjWbx1M5ISgiKnEtmTRDXnAX4cXe1SGZ+Eg==",
      "cpu": [
        "arm64"
      ],
      "license": "SEE LICENSE IN LICENSE.md",
      "optional": true,
      "os": [
        "darwin"
      ]
    },
    "node_modules/@anthropic-ai/claude-code-darwin-x64": {
      "version": "2.1.258",
      "resolved": "https://registry.npmjs.org/@anthropic-ai/claude-code-darwin-x64/-/claude-code-darwin-x64-2.1.258.tgz",
      "integrity": "sha512-risc/t2M1dka64gZz/tWhnjpOZpWO30M8sMoMSMLoDvuzghInsF8Ur5fV3M1J3N19RQzhOoVkSIghpqi/XuuOg==",
      "cpu": [
        "x64"
      ],
      "license": "SEE LICENSE IN LICENSE.md",
      "optional": true,
      "os": [
        "darwin"
      ]
    },
    "node_modules/@anthropic-ai/claude-code-linux-arm64": {
      "version": "2.1.258",
      "resolved": "https://registry.npmjs.org/@anthropic-ai/claude-code-linux-arm64/-/claude-code-linux-arm64-2.1.258.tgz",
      "integrity": "sha512-cbzsJZ4gMDp30eOlhA6qM+s0plv0TTKLhWX/y4CwNRspSQI8wPO5T1UafhimU4fTeznpPxH38m3k3vYkA9ypHw==",
      "cpu": [
        "arm64"
      ],
      "libc": [
        "glibc"
      ],
      "license": "SEE LICENSE IN LICENSE.md",
      "optional": true,
      "os": [
        "linux"
      ]
    },
    "node_modules/@anthropic-ai/claude-code-linux-arm64-musl": {
      "version": "2.1.258",
      "resolved": "https://registry.npmjs.org/@anthropic-ai/claude-code-linux-arm64-musl/-/claude-code-linux-arm64-musl-2.1.258.tgz",
      "integrity": "sha512-Flb+QwMmRuPRF138j+q3m/qdWmlZr3nGTiwxZfOE6JRqdeGmBpcLGQ7jzn5gnM00d4hAatG9I+BZhC4mcPGSzg==",
      "cpu": [
        "arm64"
      ],
      "libc": [
        "musl"
      ],
      "license": "SEE LICENSE IN LICENSE.md",
      "optional": true,
      "os": [
        "linux"
      ]
    },
    "node_modules/@anthropic-ai/claude-code-linux-x64": {
      "version": "2.1.258",
      "resolved": "https://registry.npmjs.org/@anthropic-ai/claude-code-linux-x64/-/claude-code-linux-x64-2.1.258.tgz",
      "integrity": "sha512-y1O9xbBzr/2J3cojc5aecHmJzpihx3BMBXnFTHdYU+4gpDkjpEvn4xXSfoKe3UzdUrMCSMdkPD0Ru6byQ3vojA==",
      "cpu": [
        "x64"
      ],
      "libc": [
        "glibc"
      ],
      "license": "SEE LICENSE IN LICENSE.md",
      "optional": true,
      "os": [
        "linux"
      ]
    },
    "node_modules/@anthropic-ai/claude-code-linux-x64-musl": {
      "version": "2.1.258",
      "resolved": "https://registry.npmjs.org/@anthropic-ai/claude-code-linux-x64-musl/-/claude-code-linux-x64-musl-2.1.258.tgz",
      "integrity": "sha512-mE3GLPQ3w0pwuH0l+FMhUm9wbRh20asXQ/zhuB2GlOMcTHRWYCVMFEvgbikd5OqGG+vGQHXKvbkNGeXeYXvL8Q==",
      "cpu": [
        "x64"
      ],
      "libc": [
        "musl"
      ],
      "license": "SEE LICENSE IN LICENSE.md",
      "optional": true,
      "os": [
        "linux"
      ]
    },
    "node_modules/@anthropic-ai/claude-code-win32-arm64": {
      "version": "2.1.258",
      "resolved": "https://registry.npmjs.org/@anthropic-ai/claude-code-win32-arm64/-/claude-code-win32-arm64-2.1.258.tgz",
      "integrity": "sha512-QUItpNH9zHf0HYZPk2nd72YWmCgL9pHMOtK7Qu8LpjyLW5EK5YdfPpJoz74uCWKslsi1zDAY3GwiTkDFD1ravw==",
      "cpu": [
        "arm64"
      ],
      "license": "SEE LICENSE IN LICENSE.md",
      "optional": true,
      "os": [
        "win32"
      ]
    },
    "node_modules/@anthropic-ai/claude-code-win32-x64": {
      "version": "2.1.258",
      "resolved": "https://registry.npmjs.org/@anthropic-ai/claude-code-win32-x64/-/claude-code-win32-x64-2.1.258.tgz",
      "integrity": "sha512-sRIJKxr56ljbYxWJKC2R1pdYWjkIvwqW/LJyOC/5kw2uyBIxRMYmntxYduenUS7aQSNmjraCbIqX7kDe9bJpxg==",
      "cpu": [
        "x64"
      ],
      "license": "SEE LICENSE IN LICENSE.md",
      "optional": true,
      "os": [
        "win32"
      ]
    },
    "node_modules/@github/keytar": {
      "version": "7.10.6",
      "resolved": "https://registry.npmjs.org/@github/keytar/-/keytar-7.10.6.tgz",
      "integrity": "sha512-mRW6cUsSG+nj4jp5gp8e91zPySaT73r+2JM6VyMZfrEgksjPmjSMr+tPGNOK3HUHV+GUU9B1LAiiYy/wmAnIxA==",
      "hasInstallScript": true,
      "license": "MIT",
      "optional": true,
      "dependencies": {
        "node-addon-api": "^8.3.0"
      }
    },
    "node_modules/@google/gemini-cli": {
      "version": "0.58.0",
      "resolved": "https://registry.npmjs.org/@google/gemini-cli/-/gemini-cli-0.58.0.tgz",
      "integrity": "sha512-++LtUYMcLE8dVxMcuwv6kIp8+h6z+std/7iVE+vSunkrwNDaWMFkWw/psv2RSySWjr2A1SsEEIGCK0xULWY2sA==",
      "license": "Apache-2.0",
      "bin": {
        "gemini": "bundle/gemini.js"
      },
      "engines": {
        "node": ">=20"
      },
      "optionalDependencies": {
        "@github/keytar": "7.10.6",
        "@lydell/node-pty": "1.1.0",
        "@lydell/node-pty-darwin-arm64": "1.1.0",
        "@lydell/node-pty-darwin-x64": "1.1.0",
        "@lydell/node-pty-linux-x64": "1.1.0",
        "@lydell/node-pty-win32-arm64": "1.1.0",
        "@lydell/node-pty-win32-x64": "1.1.0",
        "node-pty": "1.0.0"
      }
    },
    "node_modules/@lydell/node-pty": {
      "version": "1.1.0",
      "resolved": "https://registry.npmjs.org/@lydell/node-pty/-/node-pty-1.1.0.tgz",
      "integrity": "sha512-VDD8LtlMTOrPKWMXUAcB9+LTktzuunqrMwkYR1DMRBkS6LQrCt+0/Ws1o2rMml/n3guePpS7cxhHF7Nm5K4iMw==",
      "license": "MIT",
      "optional": true,
      "optionalDependencies": {
        "@lydell/node-pty-darwin-arm64": "1.1.0",
        "@lydell/node-pty-darwin-x64": "1.1.0",
        "@lydell/node-pty-linux-arm64": "1.1.0",
        "@lydell/node-pty-linux-x64": "1.1.0",
        "@lydell/node-pty-win32-arm64": "1.1.0",
        "@lydell/node-pty-win32-x64": "1.1.0"
      }
    },
    "node_modules/@lydell/node-pty-darwin-arm64": {
      "version": "1.1.0",
      "resolved": "https://registry.npmjs.org/@lydell/node-pty-darwin-arm64/-/node-pty-darwin-arm64-1.1.0.tgz",
      "integrity": "sha512-7kFD+owAA61qmhJCtoMbqj3Uvff3YHDiU+4on5F2vQdcMI3MuwGi7dM6MkFG/yuzpw8LF2xULpL71tOPUfxs0w==",
      "cpu": [
        "arm64"
      ],
      "license": "MIT",
      "optional": true,
      "os": [
        "darwin"
      ]
    },
    "node_modules/@lydell/node-pty-darwin-x64": {
      "version": "1.1.0",
      "resolved": "https://registry.npmjs.org/@lydell/node-pty-darwin-x64/-/node-pty-darwin-x64-1.1.0.tgz",
      "integrity": "sha512-XZdvqj5FjAMjH8bdp0YfaZjur5DrCIDD1VYiE9EkkYVMDQqRUPHYV3U8BVEQVT9hYfjmpr7dNaELF2KyISWSNA==",
      "cpu": [
        "x64"
      ],
      "license": "MIT",
      "optional": true,
      "os": [
        "darwin"
      ]
    },
    "node_modules/@lydell/node-pty-linux-arm64": {
      "version": "1.1.0",
      "resolved": "https://registry.npmjs.org/@lydell/node-pty-linux-arm64/-/node-pty-linux-arm64-1.1.0.tgz",
      "integrity": "sha512-yyDBmalCfHpLiQMT2zyLcqL2Fay4Xy7rIs8GH4dqKLnEviMvPGOK7LADVkKAsbsyXBSISL3Lt1m1MtxhPH6ckg==",
      "cpu": [
        "arm64"
      ],
      "license": "MIT",
      "optional": true,
      "os": [
        "linux"
      ]
    },
    "node_modules/@lydell/node-pty-linux-x64": {
      "version": "1.1.0",
      "resolved": "https://registry.npmjs.org/@lydell/node-pty-linux-x64/-/node-pty-linux-x64-1.1.0.tgz",
      "integrity": "sha512-NcNqRTD14QT+vXcEuqSSvmWY+0+WUBn2uRE8EN0zKtDpIEr9d+YiFj16Uqds6QfcLCHfZmC+Ls7YzwTaqDnanA==",
      "cpu": [
        "x64"
      ],
      "license": "MIT",
      "optional": true,
      "os": [
        "linux"
      ]
    },
    "node_modules/@lydell/node-pty-win32-arm64": {
      "version": "1.1.0",
      "resolved": "https://registry.npmjs.org/@lydell/node-pty-win32-arm64/-/node-pty-win32-arm64-1.1.0.tgz",
      "integrity": "sha512-JOMbCou+0fA7d/m97faIIfIU0jOv8sn2OR7tI45u3AmldKoKoLP8zHY6SAvDDnI3fccO1R2HeR1doVjpS7HM0w==",
      "cpu": [
        "arm64"
      ],
      "license": "MIT",
      "optional": true,
      "os": [
        "win32"
      ]
    },
    "node_modules/@lydell/node-pty-win32-x64": {
      "version": "1.1.0",
      "resolved": "https://registry.npmjs.org/@lydell/node-pty-win32-x64/-/node-pty-win32-x64-1.1.0.tgz",
      "integrity": "sha512-3N56BZ+WDFnUMYRtsrr7Ky2mhWGl9xXcyqR6cexfuCqcz9RNWL+KoXRv/nZylY5dYaXkft4JaR1uVu+roiZDAw==",
      "cpu": [
        "x64"
      ],
      "license": "MIT",
      "optional": true,
      "os": [
        "win32"
      ]
    },
    "node_modules/@openai/codex": {
      "version": "0.152.1",
      "resolved": "https://registry.npmjs.org/@openai/codex/-/codex-0.152.1.tgz",
      "integrity": "sha512-dSwQzl6JgsFe8L9i8xUnwRz9Vy8gn4UvXFU9xq2IJ1eC7zsSttqQ2SGq49ZZIjEyZQ0LZjCs6Bvtxort2Iyebg==",
      "license": "Apache-2.0",
      "bin": {
        "codex": "bin/codex.js"
      },
      "engines": {
        "node": ">=16"
      },
      "optionalDependencies": {
        "@openai/codex-darwin-arm64": "npm:@openai/codex@0.152.1-darwin-arm64",
        "@openai/codex-darwin-x64": "npm:@openai/codex@0.152.1-darwin-x64",
        "@openai/codex-linux-arm64": "npm:@openai/codex@0.152.1-linux-arm64",
        "@openai/codex-linux-x64": "npm:@openai/codex@0.152.1-linux-x64",
        "@openai/codex-win32-arm64": "npm:@openai/codex@0.152.1-win32-arm64",
        "@openai/codex-win32-x64": "npm:@openai/codex@0.152.1-win32-x64"
      }
    },
    "node_modules/@openai/codex-darwin-arm64": {
      "name": "@openai/codex",
      "version": "0.152.1-darwin-arm64",
      "resolved": "https://registry.npmjs.org/@openai/codex/-/codex-0.152.1-darwin-arm64.tgz",
      "integrity": "sha512-H8i0uZHILM0Z2Ep+MryCF5rGXmXjmXTzXf5ZK6bobKtZc2yfomi42ZrQWuYQ5P02H0oLG7B5jLaSWZQ+VFgjbA==",
      "cpu": [
        "arm64"
      ],
      "license": "Apache-2.0",
      "optional": true,
      "os": [
        "darwin"
      ],
      "engines": {
        "node": ">=16"
      }
    },
    "node_modules/@openai/codex-darwin-x64": {
      "name": "@openai/codex",
      "version": "0.152.1-darwin-x64",
      "resolved": "https://registry.npmjs.org/@openai/codex/-/codex-0.152.1-darwin-x64.tgz",
      "integrity": "sha512-M2qW7YkRx+JeSFoZQsrjgA5yNglowuNAFOwRJoIjlgeP8bsyOqPtbSolu3w4Us7IyCH8f/yuKtlt/v/MdDqbfA==",
      "cpu": [
        "x64"
      ],
      "license": "Apache-2.0",
      "optional": true,
      "os": [
        "darwin"
      ],
      "engines": {
        "node": ">=16"
      }
    },
    "node_modules/@openai/codex-linux-arm64": {
      "name": "@openai/codex",
      "version": "0.152.1-linux-arm64",
      "resolved": "https://registry.npmjs.org/@openai/codex/-/codex-0.152.1-linux-arm64.tgz",
      "integrity": "sha512-qZXqf7fxn/SCmaJW6tYrzWqwcDo0gMDJjj1Pm4OtrWXR7Oc0Y2e8ngAh/Mep9iFhVbsqntY1eGLaQaXssGvFgA==",
      "cpu": [
        "arm64"
      ],
      "license": "Apache-2.0",
      "optional": true,
      "os": [
        "linux"
      ],
      "engines": {
        "node": ">=16"
      }
    },
    "node_modules/@openai/codex-linux-x64": {
      "name": "@openai/codex",
      "version": "0.152.1-linux-x64",
      "resolved": "https://registry.npmjs.org/@openai/codex/-/codex-0.152.1-linux-x64.tgz",
      "integrity": "sha512-ar59rr3CX5j4MLMnRcHqcE0eHZPsZlmXlz37ZS2yP3BsV5pNhO+wFXTOzXFdaYmg2cALX7a3Eqv+vB2jQlXnjQ==",
      "cpu": [
        "x64"
      ],
      "license": "Apache-2.0",
      "optional": true,
      "os": [
        "linux"
      ],
      "engines": {
        "node": ">=16"
      }
    },
    "node_modules/@openai/codex-win32-arm64": {
      "name": "@openai/codex",
      "version": "0.152.1-win32-arm64",
      "resolved": "https://registry.npmjs.org/@openai/codex/-/codex-0.152.1-win32-arm64.tgz",
      "integrity": "sha512-YZjWCcArfSLlqG/4r2Ox5ZZhz1FAFQBZisz8U8r5JLxeLk0tXwZHleu8RjNjly++0S5zsgPtAuF0viSIj7NyRA==",
      "cpu": [
        "arm64"
      ],
      "license": "Apache-2.0",
      "optional": true,
      "os": [
        "win32"
      ],
      "engines": {
        "node": ">=16"
      }
    },
    "node_modules/@openai/codex-win32-x64": {
      "name": "@openai/codex",
      "version": "0.152.1-win32-x64",
      "resolved": "https://registry.npmjs.org/@openai/codex/-/codex-0.152.1-win32-x64.tgz",
      "integrity": "sha512-B8h0/2Kt+rKQv2+vqBhlhWkMEdhf4dsn46FNKMEBTXj3YC5hwSioOcTX2hMgJxMEMtKIMH6Ire1eNrQPvaL9og==",
      "cpu": [
        "x64"
      ],
      "license": "Apache-2.0",
      "optional": true,
      "os": [
        "win32"
      ],
      "engines": {
        "node": ">=16"
      }
    },
    "node_modules/nan": {
      "version": "2.28.0",
      "resolved": "https://registry.npmjs.org/nan/-/nan-2.28.0.tgz",
      "integrity": "sha512-fTsDz99OTq2sVePhGdp4qQhggZFtKr64ZNVyVajRKtMOkJxYekplBh577PiJB12v/D3s2E5cGtOI45LWp6rnLQ==",
      "license": "MIT",
      "optional": true
    },
    "node_modules/node-addon-api": {
      "version": "8.9.2",
      "resolved": "https://registry.npmjs.org/node-addon-api/-/node-addon-api-8.9.2.tgz",
      "integrity": "sha512-VijLXbi3UACN69I0JVXJsX4tjACjNoQDgv2gTF6sx2wWEi8tkSg2eX8p5gSIFi8z2+DL3oHmY6OyKce38SDolg==",
      "license": "MIT",
      "optional": true,
      "engines": {
        "node": "^18 || ^20 || >= 21"
      }
    },
    "node_modules/node-pty": {
      "version": "1.0.0",
      "resolved": "https://registry.npmjs.org/node-pty/-/node-pty-1.0.0.tgz",
      "integrity": "sha512-wtBMWWS7dFZm/VgqElrTvtfMq4GzJ6+edFI0Y0zyzygUSZMgZdraDUMUhCIvkjhJjme15qWmbyJbtAx4ot4uZA==",
      "hasInstallScript": true,
      "license": "MIT",
      "optional": true,
      "dependencies": {
        "nan": "^2.17.0"
      }
    }
  }
}
